<?xml version="1.0" encoding="utf-8"?>
<Project ToolsVersion="4.0" xmlns="http://schemas.microsoft.com/developer/msbuild/2003">
  <ItemGroup>
    <Filter Include="Source Files">
      <UniqueIdentifier>{4FC737F1-C7A5-4376-A066-2A32D752A2FF}</UniqueIdentifier>
      <Extensions>cpp;c;cc;cxx;c++;cppm;ixx;def;odl;idl;hpj;bat;asm;asmx</Extensions>
    </Filter>
    <Filter Include="Header Files">
      <UniqueIdentifier>{93995380-89BD-4b04-88EB-625FBE52EBFB}</UniqueIdentifier>
      <Extensions>h;hh;hpp;hxx;h++;hm;inl;inc;ipp;xsd</Extensions>
    </Filter>
    <Filter Include="Resource Files">
      <UniqueIdentifier>{67DA6AB6-F800-4c08-8B7A-83BB121AAD01}</UniqueIdentifier>
      <Extensions>rc;ico;cur;bmp;dlg;rc2;rct;bin;rgs;gif;jpg;jpeg;jpe;resx;tiff;tif;png;wav;mfcribbon-ms</Extensions>
    </Filter>
    <Filter Include="shaders">
      <UniqueIdentifier>{13b7beab-b140-4bcc-87b9-cdf74acae8f5}</UniqueIdentifier>
    </Filter>
  </ItemGroup>
  <ItemGroup>
    <ClCompile Include="main.cpp">
      <Filter>Source Files</Filter>
    </ClCompile>
    <ClCompile Include="vefp_window.cpp">
      <Filter>Source Files</Filter>
    </ClCompile>
    <ClCompile Include="first_app.hpp">
      <Filter>Header Files</Filter>
    </ClCompile>
    <ClCompile Include="first_app.cpp">
      <Filter>Source Files</Filter>
    </ClCompile>
    <ClCompile Include="vefp_pipeline.cpp">
      <Filter>Source Files</Filter>
    </ClCompile>
    <ClCompile Include="vefp_device.cpp">
      <Filter>Source Files</Filter>
    </ClCompile>
    <ClCompile Include="vefp_swap_chain.cpp">
      <Filter>Source Files</Filter>
    </ClCompile>
    <ClCompile Include="vefp_model.cpp">
      <Filter>Source Files</Filter>
    </ClCompile>
    <ClCompile Include="vefp_renderer.cpp">
      <Filter>Source Files</Filter>
    </ClCompile>
    <ClCompile Include="simple_render_system.cpp">
      <Filter>Source Files</Filter>
    </ClCompile>
    <ClCompile Include="physics_and_field.cpp">
      <Filter>Source Files</Filter>
    </ClCompile>
  </ItemGroup>
  <ItemGroup>
    <ClInclude Include="vefp_window.hpp">
      <Filter>Header Files</Filter>
    </ClInclude>
    <ClInclude Include="vefp_pipeline.hpp">
      <Filter>Header Files</Filter>
    </ClInclude>
    <ClInclude Include="vefp_device.hpp">
      <Filter>Header Files</Filter>
    </ClInclude>
    <ClInclude Include="vefp_swap_chain.hpp">
      <Filter>Header Files</Filter>
    </ClInclude>
    <ClInclude Include="vefp_model.hpp">
      <Filter>Header Files</Filter>
    </ClInclude>
    <ClInclude Include="vefp_app_object.hpp">
      <Filter>Header Files</Filter>
    </ClInclude>
    <ClInclude Include="vefp_renderer.hpp">
      <Filter>Header Files</Filter>
    </ClInclude>
    <ClInclude Include="simple_render_system.hpp">
      <Filter>Header Files</Filter>
    </ClInclude>
    <ClInclude Include="physics_and_field.hpp">
      <Filter>Header Files</Filter>
    </ClInclude>
  </ItemGroup>
  <ItemGroup>
    <None Include="shader.vert">
      <Filter>shaders</Filter>
    </None>
    <None Include="shader.frag">
      <Filter>shaders</Filter>
    </None>
  </ItemGroup>
</Project>